
Microsoft Visual Studio Solution File, Format Version 12.00
# Visual Studio 15
VisualStudioVersion = 15.0.28010.2036
MinimumVisualStudioVersion = 10.0.40219.1
Project("{FAE04EC0-301F-11D3-BF4B-00C04F79EFBC}") = "Contact", "Contact\Contact.csproj", "{029568E5-70EB-4DF1-9C55-987262DF7018}"
EndProject
Project("{FAE04EC0-301F-11D3-BF4B-00C04F79EFBC}") = "ContactBAL", "ContactBAL\ContactBAL.csproj", "{695F2FC7-5C16-44F3-A0CE-4B2E8E1E3E6C}"
EndProject
Project("{FAE04EC0-301F-11D3-BF4B-00C04F79EFBC}") = "ContactDAL", "ContactDAL\ContactDAL.csproj", "{489D7190-CC42-455D-BC9E-4C2659C8BAE9}"
EndProject
Project("{FAE04EC0-301F-11D3-BF4B-00C04F79EFBC}") = "ContactDTO", "ContactDTO\ContactDTO.csproj", "{46D5ED3B-B781-4F9D-A3F1-E63FED741262}"
EndProject
Project("{FAE04EC0-301F-11D3-BF4B-00C04F79EFBC}") = "ContactCAL", "ContactCAL\ContactCAL.csproj", "{C0055234-FC97-490F-94B4-E70744DAE649}"
EndProject
Global
	GlobalSection(SolutionConfigurationPlatforms) = preSolution
		Debug|Any CPU = Debug|Any CPU
		Release|Any CPU = Release|Any CPU
	EndGlobalSection
	GlobalSection(ProjectConfigurationPlatforms) = postSolution
		{029568E5-70EB-4DF1-9C55-987262DF7018}.Debug|Any CPU.ActiveCfg = Debug|Any CPU
		{029568E5-70EB-4DF1-9C55-987262DF7018}.Debug|Any CPU.Build.0 = Debug|Any CPU
		{029568E5-70EB-4DF1-9C55-987262DF7018}.Release|Any CPU.ActiveCfg = Release|Any CPU
		{029568E5-70EB-4DF1-9C55-987262DF7018}.Release|Any CPU.Build.0 = Release|Any CPU
		{695F2FC7-5C16-44F3-A0CE-4B2E8E1E3E6C}.Debug|Any CPU.ActiveCfg = Debug|Any CPU
		{695F2FC7-5C16-44F3-A0CE-4B2E8E1E3E6C}.Debug|Any CPU.Build.0 = Debug|Any CPU
		{695F2FC7-5C16-44F3-A0CE-4B2E8E1E3E6C}.Release|Any CPU.ActiveCfg = Release|Any CPU
		{695F2FC7-5C16-44F3-A0CE-4B2E8E1E3E6C}.Release|Any CPU.Build.0 = Release|Any CPU
		{489D7190-CC42-455D-BC9E-4C2659C8BAE9}.Debug|Any CPU.ActiveCfg = Debug|Any CPU
		{489D7190-CC42-455D-BC9E-4C2659C8BAE9}.Debug|Any CPU.Build.0 = Debug|Any CPU
		{489D7190-CC42-455D-BC9E-4C2659C8BAE9}.Release|Any CPU.ActiveCfg = Release|Any CPU
		{489D7190-CC42-455D-BC9E-4C2659C8BAE9}.Release|Any CPU.Build.0 = Release|Any CPU
		{46D5ED3B-B781-4F9D-A3F1-E63FED741262}.Debug|Any CPU.ActiveCfg = Debug|Any CPU
		{46D5ED3B-B781-4F9D-A3F1-E63FED741262}.Debug|Any CPU.Build.0 = Debug|Any CPU
		{46D5ED3B-B781-4F9D-A3F1-E63FED741262}.Release|Any CPU.ActiveCfg = Release|Any CPU
		{46D5ED3B-B781-4F9D-A3F1-E63FED741262}.Release|Any CPU.Build.0 = Release|Any CPU
		{C0055234-FC97-490F-94B4-E70744DAE649}.Debug|Any CPU.ActiveCfg = Debug|Any CPU
		{C0055234-FC97-490F-94B4-E70744DAE649}.Debug|Any CPU.Build.0 = Debug|Any CPU
		{C0055234-FC97-490F-94B4-E70744DAE649}.Release|Any CPU.ActiveCfg = Release|Any CPU
		{C0055234-FC97-490F-94B4-E70744DAE649}.Release|Any CPU.Build.0 = Release|Any CPU
	EndGlobalSection
	GlobalSection(SolutionProperties) = preSolution
		HideSolutionNode = FALSE
	EndGlobalSection
	GlobalSection(ExtensibilityGlobals) = postSolution
		SolutionGuid = {70BDB266-2003-460B-A1D8-D32CB9152E15}
	EndGlobalSection
EndGlobal
